// !$*UTF8*$!
{
	archiveVersion = 1;
	classes = {
	};
	objectVersion = 55;
	objects = {

/* Begin PBXBuildFile section */
		3BD577D41873F11FAAC0389C /* Pods_Flixter_FlixterUITests.framework in Frameworks */ = {isa = PBXBuildFile; fileRef = 683BD319FFCDEF50FC1E4F67 /* Pods_Flixter_FlixterUITests.framework */; };
		7B465000285A49730084930D /* AppDelegate.m in Sources */ = {isa = PBXBuildFile; fileRef = 7B464FFF285A49730084930D /* AppDelegate.m */; };
		7B465003285A49730084930D /* SceneDelegate.m in Sources */ = {isa = PBXBuildFile; fileRef = 7B465002285A49730084930D /* SceneDelegate.m */; };
		7B465009285A49730084930D /* Main.storyboard in Resources */ = {isa = PBXBuildFile; fileRef = 7B465007285A49730084930D /* Main.storyboard */; };
		7B46500B285A49750084930D /* Assets.xcassets in Resources */ = {isa = PBXBuildFile; fileRef = 7B46500A285A49750084930D /* Assets.xcassets */; };
		7B46500E285A49750084930D /* LaunchScreen.storyboard in Resources */ = {isa = PBXBuildFile; fileRef = 7B46500C285A49750084930D /* LaunchScreen.storyboard */; };
		7B465011285A49750084930D /* main.m in Sources */ = {isa = PBXBuildFile; fileRef = 7B465010285A49750084930D /* main.m */; };
		7B46501B285A49750084930D /* FlixterTests.m in Sources */ = {isa = PBXBuildFile; fileRef = 7B46501A285A49750084930D /* FlixterTests.m */; };
		7B465025285A49750084930D /* FlixterUITests.m in Sources */ = {isa = PBXBuildFile; fileRef = 7B465024285A49750084930D /* FlixterUITests.m */; };
		7B465027285A49750084930D /* FlixterUITestsLaunchTests.m in Sources */ = {isa = PBXBuildFile; fileRef = 7B465026285A49750084930D /* FlixterUITestsLaunchTests.m */; };
		7B465035285A59620084930D /* MovieViewController.m in Sources */ = {isa = PBXBuildFile; fileRef = 7B465034285A59620084930D /* MovieViewController.m */; };
		7B465038285A88FF0084930D /* customClassTableViewCell.m in Sources */ = {isa = PBXBuildFile; fileRef = 7B465037285A88FF0084930D /* customClassTableViewCell.m */; };
		7B46503B285BC6F60084930D /* DetailsViewController.m in Sources */ = {isa = PBXBuildFile; fileRef = 7B46503A285BC6F60084930D /* DetailsViewController.m */; };
		BB74C3B7AA58F9F389234771 /* Pods_FlixterTests.framework in Frameworks */ = {isa = PBXBuildFile; fileRef = 16A2C639B5790318DDA356A5 /* Pods_FlixterTests.framework */; };
		D52E3A64768F24B5C0940A76 /* Pods_Flixter.framework in Frameworks */ = {isa = PBXBuildFile; fileRef = BBCDBA1F1D300FFD31358E0C /* Pods_Flixter.framework */; };
/* End PBXBuildFile section */

/* Begin PBXContainerItemProxy section */
		7B465017285A49750084930D /* PBXContainerItemProxy */ = {
			isa = PBXContainerItemProxy;
			containerPortal = 7B464FF3285A49730084930D /* Project object */;
			proxyType = 1;
			remoteGlobalIDString = 7B464FFA285A49730084930D;
			remoteInfo = Flixter;
		};
		7B465021285A49750084930D /* PBXContainerItemProxy */ = {
			isa = PBXContainerItemProxy;
			containerPortal = 7B464FF3285A49730084930D /* Project object */;
			proxyType = 1;
			remoteGlobalIDString = 7B464FFA285A49730084930D;
			remoteInfo = Flixter;
		};
/* End PBXContainerItemProxy section */

/* Begin PBXFileReference section */
		16A2C639B5790318DDA356A5 /* Pods_FlixterTests.framework */ = {isa = PBXFileReference; explicitFileType = wrapper.framework; includeInIndex = 0; path = Pods_FlixterTests.framework; sourceTree = BUILT_PRODUCTS_DIR; };
		1E2475BAFF7108FBED5A8160 /* Pods-Flixter-FlixterUITests.debug.xcconfig */ = {isa = PBXFileReference; includeInIndex = 1; lastKnownFileType = text.xcconfig; name = "Pods-Flixter-FlixterUITests.debug.xcconfig"; path = "Target Support Files/Pods-Flixter-FlixterUITests/Pods-Flixter-FlixterUITests.debug.xcconfig"; sourceTree = "<group>"; };
		683BD319FFCDEF50FC1E4F67 /* Pods_Flixter_FlixterUITests.framework */ = {isa = PBXFileReference; explicitFileType = wrapper.framework; includeInIndex = 0; path = Pods_Flixter_FlixterUITests.framework; sourceTree = BUILT_PRODUCTS_DIR; };
		6EB2A1FF87C9C1AACF72B467 /* Pods-Flixter.debug.xcconfig */ = {isa = PBXFileReference; includeInIndex = 1; lastKnownFileType = text.xcconfig; name = "Pods-Flixter.debug.xcconfig"; path = "Target Support Files/Pods-Flixter/Pods-Flixter.debug.xcconfig"; sourceTree = "<group>"; };
		7B464FFB285A49730084930D /* Flixter.app */ = {isa = PBXFileReference; explicitFileType = wrapper.application; includeInIndex = 0; path = Flixter.app; sourceTree = BUILT_PRODUCTS_DIR; };
		7B464FFE285A49730084930D /* AppDelegate.h */ = {isa = PBXFileReference; lastKnownFileType = sourcecode.c.h; path = AppDelegate.h; sourceTree = "<group>"; };
		7B464FFF285A49730084930D /* AppDelegate.m */ = {isa = PBXFileReference; lastKnownFileType = sourcecode.c.objc; path = AppDelegate.m; sourceTree = "<group>"; };
		7B465001285A49730084930D /* SceneDelegate.h */ = {isa = PBXFileReference; lastKnownFileType = sourcecode.c.h; path = SceneDelegate.h; sourceTree = "<group>"; };
		7B465002285A49730084930D /* SceneDelegate.m */ = {isa = PBXFileReference; lastKnownFileType = sourcecode.c.objc; path = SceneDelegate.m; sourceTree = "<group>"; };
		7B465008285A49730084930D /* Base */ = {isa = PBXFileReference; lastKnownFileType = file.storyboard; name = Base; path = Base.lproj/Main.storyboard; sourceTree = "<group>"; };
		7B46500A285A49750084930D /* Assets.xcassets */ = {isa = PBXFileReference; lastKnownFileType = folder.assetcatalog; path = Assets.xcassets; sourceTree = "<group>"; };
		7B46500D285A49750084930D /* Base */ = {isa = PBXFileReference; lastKnownFileType = file.storyboard; name = Base; path = Base.lproj/LaunchScreen.storyboard; sourceTree = "<group>"; };
		7B46500F285A49750084930D /* Info.plist */ = {isa = PBXFileReference; lastKnownFileType = text.plist.xml; path = Info.plist; sourceTree = "<group>"; };
		7B465010285A49750084930D /* main.m */ = {isa = PBXFileReference; lastKnownFileType = sourcecode.c.objc; path = main.m; sourceTree = "<group>"; };
		7B465016285A49750084930D /* FlixterTests.xctest */ = {isa = PBXFileReference; explicitFileType = wrapper.cfbundle; includeInIndex = 0; path = FlixterTests.xctest; sourceTree = BUILT_PRODUCTS_DIR; };
		7B46501A285A49750084930D /* FlixterTests.m */ = {isa = PBXFileReference; lastKnownFileType = sourcecode.c.objc; path = FlixterTests.m; sourceTree = "<group>"; };
		7B465020285A49750084930D /* FlixterUITests.xctest */ = {isa = PBXFileReference; explicitFileType = wrapper.cfbundle; includeInIndex = 0; path = FlixterUITests.xctest; sourceTree = BUILT_PRODUCTS_DIR; };
		7B465024285A49750084930D /* FlixterUITests.m */ = {isa = PBXFileReference; lastKnownFileType = sourcecode.c.objc; path = FlixterUITests.m; sourceTree = "<group>"; };
		7B465026285A49750084930D /* FlixterUITestsLaunchTests.m */ = {isa = PBXFileReference; lastKnownFileType = sourcecode.c.objc; path = FlixterUITestsLaunchTests.m; sourceTree = "<group>"; };
		7B465033285A59620084930D /* MovieViewController.h */ = {isa = PBXFileReference; lastKnownFileType = sourcecode.c.h; path = MovieViewController.h; sourceTree = "<group>"; };
		7B465034285A59620084930D /* MovieViewController.m */ = {isa = PBXFileReference; lastKnownFileType = sourcecode.c.objc; path = MovieViewController.m; sourceTree = "<group>"; };
		7B465036285A88FF0084930D /* customClassTableViewCell.h */ = {isa = PBXFileReference; lastKnownFileType = sourcecode.c.h; path = customClassTableViewCell.h; sourceTree = "<group>"; };
		7B465037285A88FF0084930D /* customClassTableViewCell.m */ = {isa = PBXFileReference; lastKnownFileType = sourcecode.c.objc; path = customClassTableViewCell.m; sourceTree = "<group>"; };
		7B465039285BC6F60084930D /* DetailsViewController.h */ = {isa = PBXFileReference; lastKnownFileType = sourcecode.c.h; path = DetailsViewController.h; sourceTree = "<group>"; };
		7B46503A285BC6F60084930D /* DetailsViewController.m */ = {isa = PBXFileReference; lastKnownFileType = sourcecode.c.objc; path = DetailsViewController.m; sourceTree = "<group>"; };
		7EBE1B199C62FE5D95C74C6D /* Pods-Flixter-FlixterUITests.release.xcconfig */ = {isa = PBXFileReference; includeInIndex = 1; lastKnownFileType = text.xcconfig; name = "Pods-Flixter-FlixterUITests.release.xcconfig"; path = "Target Support Files/Pods-Flixter-FlixterUITests/Pods-Flixter-FlixterUITests.release.xcconfig"; sourceTree = "<group>"; };
		A6FA2BEFB62921C826E70AFF /* Pods-FlixterTests.debug.xcconfig */ = {isa = PBXFileReference; includeInIndex = 1; lastKnownFileType = text.xcconfig; name = "Pods-FlixterTests.debug.xcconfig"; path = "Target Support Files/Pods-FlixterTests/Pods-FlixterTests.debug.xcconfig"; sourceTree = "<group>"; };
		BBCDBA1F1D300FFD31358E0C /* Pods_Flixter.framework */ = {isa = PBXFileReference; explicitFileType = wrapper.framework; includeInIndex = 0; path = Pods_Flixter.framework; sourceTree = BUILT_PRODUCTS_DIR; };
		C36704B58165C9EED40E0CD2 /* Pods-Flixter.release.xcconfig */ = {isa = PBXFileReference; includeInIndex = 1; lastKnownFileType = text.xcconfig; name = "Pods-Flixter.release.xcconfig"; path = "Target Support Files/Pods-Flixter/Pods-Flixter.release.xcconfig"; sourceTree = "<group>"; };
		E1B447939270917AF72202A1 /* Pods-FlixterTests.release.xcconfig */ = {isa = PBXFileReference; includeInIndex = 1; lastKnownFileType = text.xcconfig; name = "Pods-FlixterTests.release.xcconfig"; path = "Target Support Files/Pods-FlixterTests/Pods-FlixterTests.release.xcconfig"; sourceTree = "<group>"; };
/* End PBXFileReference section */

/* Begin PBXFrameworksBuildPhase section */
		7B464FF8285A49730084930D /* Frameworks */ = {
			isa = PBXFrameworksBuildPhase;
			buildActionMask = 2147483647;
			files = (
				D52E3A64768F24B5C0940A76 /* Pods_Flixter.framework in Frameworks */,
			);
			runOnlyForDeploymentPostprocessing = 0;
		};
		7B465013285A49750084930D /* Frameworks */ = {
			isa = PBXFrameworksBuildPhase;
			buildActionMask = 2147483647;
			files = (
				BB74C3B7AA58F9F389234771 /* Pods_FlixterTests.framework in Frameworks */,
			);
			runOnlyForDeploymentPostprocessing = 0;
		};
		7B46501D285A49750084930D /* Frameworks */ = {
			isa = PBXFrameworksBuildPhase;
			buildActionMask = 2147483647;
			files = (
				3BD577D41873F11FAAC0389C /* Pods_Flixter_FlixterUITests.framework in Frameworks */,
			);
			runOnlyForDeploymentPostprocessing = 0;
		};
/* End PBXFrameworksBuildPhase section */

/* Begin PBXGroup section */
		0038DD461013D4EB1E570CB6 /* Pods */ = {
			isa = PBXGroup;
			children = (
				6EB2A1FF87C9C1AACF72B467 /* Pods-Flixter.debug.xcconfig */,
				C36704B58165C9EED40E0CD2 /* Pods-Flixter.release.xcconfig */,
				1E2475BAFF7108FBED5A8160 /* Pods-Flixter-FlixterUITests.debug.xcconfig */,
				7EBE1B199C62FE5D95C74C6D /* Pods-Flixter-FlixterUITests.release.xcconfig */,
				A6FA2BEFB62921C826E70AFF /* Pods-FlixterTests.debug.xcconfig */,
				E1B447939270917AF72202A1 /* Pods-FlixterTests.release.xcconfig */,
			);
			path = Pods;
			sourceTree = "<group>";
		};
		7B464FF2285A49730084930D = {
			isa = PBXGroup;
			children = (
				7B464FFD285A49730084930D /* Flixter */,
				7B465019285A49750084930D /* FlixterTests */,
				7B465023285A49750084930D /* FlixterUITests */,
				7B464FFC285A49730084930D /* Products */,
				0038DD461013D4EB1E570CB6 /* Pods */,
				A65606CCEF87C763360381BD /* Frameworks */,
			);
			sourceTree = "<group>";
		};
		7B464FFC285A49730084930D /* Products */ = {
			isa = PBXGroup;
			children = (
				7B464FFB285A49730084930D /* Flixter.app */,
				7B465016285A49750084930D /* FlixterTests.xctest */,
				7B465020285A49750084930D /* FlixterUITests.xctest */,
			);
			name = Products;
			sourceTree = "<group>";
		};
		7B464FFD285A49730084930D /* Flixter */ = {
			isa = PBXGroup;
			children = (
				7B464FFE285A49730084930D /* AppDelegate.h */,
				7B464FFF285A49730084930D /* AppDelegate.m */,
				7B465001285A49730084930D /* SceneDelegate.h */,
				7B465002285A49730084930D /* SceneDelegate.m */,
				7B465033285A59620084930D /* MovieViewController.h */,
				7B465034285A59620084930D /* MovieViewController.m */,
				7B465007285A49730084930D /* Main.storyboard */,
				7B465036285A88FF0084930D /* customClassTableViewCell.h */,
				7B465037285A88FF0084930D /* customClassTableViewCell.m */,
				7B46500A285A49750084930D /* Assets.xcassets */,
				7B46500C285A49750084930D /* LaunchScreen.storyboard */,
				7B46500F285A49750084930D /* Info.plist */,
				7B465010285A49750084930D /* main.m */,
				7B465039285BC6F60084930D /* DetailsViewController.h */,
				7B46503A285BC6F60084930D /* DetailsViewController.m */,
			);
			path = Flixter;
			sourceTree = "<group>";
		};
		7B465019285A49750084930D /* FlixterTests */ = {
			isa = PBXGroup;
			children = (
				7B46501A285A49750084930D /* FlixterTests.m */,
			);
			path = FlixterTests;
			sourceTree = "<group>";
		};
		7B465023285A49750084930D /* FlixterUITests */ = {
			isa = PBXGroup;
			children = (
				7B465024285A49750084930D /* FlixterUITests.m */,
				7B465026285A49750084930D /* FlixterUITestsLaunchTests.m */,
			);
			path = FlixterUITests;
			sourceTree = "<group>";
		};
		A65606CCEF87C763360381BD /* Frameworks */ = {
			isa = PBXGroup;
			children = (
				BBCDBA1F1D300FFD31358E0C /* Pods_Flixter.framework */,
				683BD319FFCDEF50FC1E4F67 /* Pods_Flixter_FlixterUITests.framework */,
				16A2C639B5790318DDA356A5 /* Pods_FlixterTests.framework */,
			);
			name = Frameworks;
			sourceTree = "<group>";
		};
/* End PBXGroup section */

/* Begin PBXNativeTarget section */
		7B464FFA285A49730084930D /* Flixter */ = {
			isa = PBXNativeTarget;
			buildConfigurationList = 7B46502A285A49750084930D /* Build configuration list for PBXNativeTarget "Flixter" */;
			buildPhases = (
				04397BBFCE1C56E7753F6CDD /* [CP] Check Pods Manifest.lock */,
				7B464FF7285A49730084930D /* Sources */,
				7B464FF8285A49730084930D /* Frameworks */,
				7B464FF9285A49730084930D /* Resources */,
				F279B14C2DC13274A8AF9DB4 /* [CP] Embed Pods Frameworks */,
			);
			buildRules = (
			);
			dependencies = (
			);
			name = Flixter;
			productName = Flixter;
			productReference = 7B464FFB285A49730084930D /* Flixter.app */;
			productType = "com.apple.product-type.application";
		};
		7B465015285A49750084930D /* FlixterTests */ = {
			isa = PBXNativeTarget;
			buildConfigurationList = 7B46502D285A49750084930D /* Build configuration list for PBXNativeTarget "FlixterTests" */;
			buildPhases = (
				7C6550FB29F99DDDA87E0C39 /* [CP] Check Pods Manifest.lock */,
				7B465012285A49750084930D /* Sources */,
				7B465013285A49750084930D /* Frameworks */,
				7B465014285A49750084930D /* Resources */,
			);
			buildRules = (
			);
			dependencies = (
				7B465018285A49750084930D /* PBXTargetDependency */,
			);
			name = FlixterTests;
			productName = FlixterTests;
			productReference = 7B465016285A49750084930D /* FlixterTests.xctest */;
			productType = "com.apple.product-type.bundle.unit-test";
		};
		7B46501F285A49750084930D /* FlixterUITests */ = {
			isa = PBXNativeTarget;
			buildConfigurationList = 7B465030285A49750084930D /* Build configuration list for PBXNativeTarget "FlixterUITests" */;
			buildPhases = (
				C0725C8FE78D269759C030DE /* [CP] Check Pods Manifest.lock */,
				7B46501C285A49750084930D /* Sources */,
				7B46501D285A49750084930D /* Frameworks */,
				7B46501E285A49750084930D /* Resources */,
				9A16D0C2595D00D0A60E3A8A /* [CP] Embed Pods Frameworks */,
			);
			buildRules = (
			);
			dependencies = (
				7B465022285A49750084930D /* PBXTargetDependency */,
			);
			name = FlixterUITests;
			productName = FlixterUITests;
			productReference = 7B465020285A49750084930D /* FlixterUITests.xctest */;
			productType = "com.apple.product-type.bundle.ui-testing";
		};
/* End PBXNativeTarget section */

/* Begin PBXProject section */
		7B464FF3285A49730084930D /* Project object */ = {
			isa = PBXProject;
			attributes = {
				BuildIndependentTargetsInParallel = 1;
				LastUpgradeCheck = 1340;
				TargetAttributes = {
					7B464FFA285A49730084930D = {
						CreatedOnToolsVersion = 13.4.1;
					};
					7B465015285A49750084930D = {
						CreatedOnToolsVersion = 13.4.1;
						TestTargetID = 7B464FFA285A49730084930D;
					};
					7B46501F285A49750084930D = {
						CreatedOnToolsVersion = 13.4.1;
						TestTargetID = 7B464FFA285A49730084930D;
					};
				};
			};
			buildConfigurationList = 7B464FF6285A49730084930D /* Build configuration list for PBXProject "Flixter" */;
			compatibilityVersion = "Xcode 13.0";
			developmentRegion = en;
			hasScannedForEncodings = 0;
			knownRegions = (
				en,
				Base,
			);
			mainGroup = 7B464FF2285A49730084930D;
			productRefGroup = 7B464FFC285A49730084930D /* Products */;
			projectDirPath = "";
			projectRoot = "";
			targets = (
				7B464FFA285A49730084930D /* Flixter */,
				7B465015285A49750084930D /* FlixterTests */,
				7B46501F285A49750084930D /* FlixterUITests */,
			);
		};
/* End PBXProject section */

/* Begin PBXResourcesBuildPhase section */
		7B464FF9285A49730084930D /* Resources */ = {
			isa = PBXResourcesBuildPhase;
			buildActionMask = 2147483647;
			files = (
				7B46500E285A49750084930D /* LaunchScreen.storyboard in Resources */,
				7B46500B285A49750084930D /* Assets.xcassets in Resources */,
				7B465009285A49730084930D /* Main.storyboard in Resources */,
			);
			runOnlyForDeploymentPostprocessing = 0;
		};
		7B465014285A49750084930D /* Resources */ = {
			isa = PBXResourcesBuildPhase;
			buildActionMask = 2147483647;
			files = (
			);
			runOnlyForDeploymentPostprocessing = 0;
		};
		7B46501E285A49750084930D /* Resources */ = {
			isa = PBXResourcesBuildPhase;
			buildActionMask = 2147483647;
			files = (
			);
			runOnlyForDeploymentPostprocessing = 0;
		};
/* End PBXResourcesBuildPhase section */

/* Begin PBXShellScriptBuildPhase section */
		04397BBFCE1C56E7753F6CDD /* [CP] Check Pods Manifest.lock */ = {
			isa = PBXShellScriptBuildPhase;
			buildActionMask = 2147483647;
			files = (
			);
			inputFileListPaths = (
			);
			inputPaths = (
				"${PODS_PODFILE_DIR_PATH}/Podfile.lock",
				"${PODS_ROOT}/Manifest.lock",
			);
			name = "[CP] Check Pods Manifest.lock";
			outputFileListPaths = (
			);
			outputPaths = (
				"$(DERIVED_FILE_DIR)/Pods-Flixter-checkManifestLockResult.txt",
			);
			runOnlyForDeploymentPostprocessing = 0;
			shellPath = /bin/sh;
			shellScript = "diff \"${PODS_PODFILE_DIR_PATH}/Podfile.lock\" \"${PODS_ROOT}/Manifest.lock\" > /dev/null\nif [ $? != 0 ] ; then\n    # print error to STDERR\n    echo \"error: The sandbox is not in sync with the Podfile.lock. Run 'pod install' or update your CocoaPods installation.\" >&2\n    exit 1\nfi\n# This output is used by Xcode 'outputs' to avoid re-running this script phase.\necho \"SUCCESS\" > \"${SCRIPT_OUTPUT_FILE_0}\"\n";
			showEnvVarsInLog = 0;
		};
		7C6550FB29F99DDDA87E0C39 /* [CP] Check Pods Manifest.lock */ = {
			isa = PBXShellScriptBuildPhase;
			buildActionMask = 2147483647;
			files = (
			);
			inputFileListPaths = (
			);
			inputPaths = (
				"${PODS_PODFILE_DIR_PATH}/Podfile.lock",
				"${PODS_ROOT}/Manifest.lock",
			);
			name = "[CP] Check Pods Manifest.lock";
			outputFileListPaths = (
			);
			outputPaths = (
				"$(DERIVED_FILE_DIR)/Pods-FlixterTests-checkManifestLockResult.txt",
			);
			runOnlyForDeploymentPostprocessing = 0;
			shellPath = /bin/sh;
			shellScript = "diff \"${PODS_PODFILE_DIR_PATH}/Podfile.lock\" \"${PODS_ROOT}/Manifest.lock\" > /dev/null\nif [ $? != 0 ] ; then\n    # print error to STDERR\n    echo \"error: The sandbox is not in sync with the Podfile.lock. Run 'pod install' or update your CocoaPods installation.\" >&2\n    exit 1\nfi\n# This output is used by Xcode 'outputs' to avoid re-running this script phase.\necho \"SUCCESS\" > \"${SCRIPT_OUTPUT_FILE_0}\"\n";
			showEnvVarsInLog = 0;
		};
		9A16D0C2595D00D0A60E3A8A /* [CP] Embed Pods Frameworks */ = {
			isa = PBXShellScriptBuildPhase;
			buildActionMask = 2147483647;
			files = (
			);
			inputFileListPaths = (
				"${PODS_ROOT}/Target Support Files/Pods-Flixter-FlixterUITests/Pods-Flixter-FlixterUITests-frameworks-${CONFIGURATION}-input-files.xcfilelist",
			);
			name = "[CP] Embed Pods Frameworks";
			outputFileListPaths = (
				"${PODS_ROOT}/Target Support Files/Pods-Flixter-FlixterUITests/Pods-Flixter-FlixterUITests-frameworks-${CONFIGURATION}-output-files.xcfilelist",
			);
			runOnlyForDeploymentPostprocessing = 0;
			shellPath = /bin/sh;
			shellScript = "\"${PODS_ROOT}/Target Support Files/Pods-Flixter-FlixterUITests/Pods-Flixter-FlixterUITests-frameworks.sh\"\n";
			showEnvVarsInLog = 0;
		};
		C0725C8FE78D269759C030DE /* [CP] Check Pods Manifest.lock */ = {
			isa = PBXShellScriptBuildPhase;
			buildActionMask = 2147483647;
			files = (
			);
			inputFileListPaths = (
			);
			inputPaths = (
				"${PODS_PODFILE_DIR_PATH}/Podfile.lock",
				"${PODS_ROOT}/Manifest.lock",
			);
			name = "[CP] Check Pods Manifest.lock";
			outputFileListPaths = (
			);
			outputPaths = (
				"$(DERIVED_FILE_DIR)/Pods-Flixter-FlixterUITests-checkManifestLockResult.txt",
			);
			runOnlyForDeploymentPostprocessing = 0;
			shellPath = /bin/sh;
			shellScript = "diff \"${PODS_PODFILE_DIR_PATH}/Podfile.lock\" \"${PODS_ROOT}/Manifest.lock\" > /dev/null\nif [ $? != 0 ] ; then\n    # print error to STDERR\n    echo \"error: The sandbox is not in sync with the Podfile.lock. Run 'pod install' or update your CocoaPods installation.\" >&2\n    exit 1\nfi\n# This output is used by Xcode 'outputs' to avoid re-running this script phase.\necho \"SUCCESS\" > \"${SCRIPT_OUTPUT_FILE_0}\"\n";
			showEnvVarsInLog = 0;
		};
		F279B14C2DC13274A8AF9DB4 /* [CP] Embed Pods Frameworks */ = {
			isa = PBXShellScriptBuildPhase;
			buildActionMask = 2147483647;
			files = (
			);
			inputFileListPaths = (
				"${PODS_ROOT}/Target Support Files/Pods-Flixter/Pods-Flixter-frameworks-${CONFIGURATION}-input-files.xcfilelist",
			);
			name = "[CP] Embed Pods Frameworks";
			outputFileListPaths = (
				"${PODS_ROOT}/Target Support Files/Pods-Flixter/Pods-Flixter-frameworks-${CONFIGURATION}-output-files.xcfilelist",
			);
			runOnlyForDeploymentPostprocessing = 0;
			shellPath = /bin/sh;
			shellScript = "\"${PODS_ROOT}/Target Support Files/Pods-Flixter/Pods-Flixter-frameworks.sh\"\n";
			showEnvVarsInLog = 0;
		};
/* End PBXShellScriptBuildPhase section */

/* Begin PBXSourcesBuildPhase section */
		7B464FF7285A49730084930D /* Sources */ = {
			isa = PBXSourcesBuildPhase;
			buildActionMask = 2147483647;
			files = (
				7B465035285A59620084930D /* MovieViewController.m in Sources */,
				7B465000285A49730084930D /* AppDelegate.m in Sources */,
				7B465011285A49750084930D /* main.m in Sources */,
				7B46503B285BC6F60084930D /* DetailsViewController.m in Sources */,
				7B465003285A49730084930D /* SceneDelegate.m in Sources */,
				7B465038285A88FF0084930D /* customClassTableViewCell.m in Sources */,
			);
			runOnlyForDeploymentPostprocessing = 0;
		};
		7B465012285A49750084930D /* Sources */ = {
			isa = PBXSourcesBuildPhase;
			buildActionMask = 2147483647;
			files = (
				7B46501B285A49750084930D /* FlixterTests.m in Sources */,
			);
			runOnlyForDeploymentPostprocessing = 0;
		};
		7B46501C285A49750084930D /* Sources */ = {
			isa = PBXSourcesBuildPhase;
			buildActionMask = 2147483647;
			files = (
				7B465025285A49750084930D /* FlixterUITests.m in Sources */,
				7B465027285A49750084930D /* FlixterUITestsLaunchTests.m in Sources */,
			);
			runOnlyForDeploymentPostprocessing = 0;
		};
/* End PBXSourcesBuildPhase section */

/* Begin PBXTargetDependency section */
		7B465018285A49750084930D /* PBXTargetDependency */ = {
			isa = PBXTargetDependency;
			target = 7B464FFA285A49730084930D /* Flixter */;
			targetProxy = 7B465017285A49750084930D /* PBXContainerItemProxy */;
		};
		7B465022285A49750084930D /* PBXTargetDependency */ = {
			isa = PBXTargetDependency;
			target = 7B464FFA285A49730084930D /* Flixter */;
			targetProxy = 7B465021285A49750084930D /* PBXContainerItemProxy */;
		};
/* End PBXTargetDependency section */

/* Begin PBXVariantGroup section */
		7B465007285A49730084930D /* Main.storyboard */ = {
			isa = PBXVariantGroup;
			children = (
				7B465008285A49730084930D /* Base */,
			);
			name = Main.storyboard;
			sourceTree = "<group>";
		};
		7B46500C285A49750084930D /* LaunchScreen.storyboard */ = {
			isa = PBXVariantGroup;
			children = (
				7B46500D285A49750084930D /* Base */,
			);
			name = LaunchScreen.storyboard;
			sourceTree = "<group>";
		};
/* End PBXVariantGroup section */

/* Begin XCBuildConfiguration section */
		7B465028285A49750084930D /* Debug */ = {
			isa = XCBuildConfiguration;
			buildSettings = {
				ALWAYS_SEARCH_USER_PATHS = NO;
				CLANG_ANALYZER_NONNULL = YES;
				CLANG_ANALYZER_NUMBER_OBJECT_CONVERSION = YES_AGGRESSIVE;
				CLANG_CXX_LANGUAGE_STANDARD = "gnu++17";
				CLANG_ENABLE_MODULES = YES;
				CLANG_ENABLE_OBJC_ARC = YES;
				CLANG_ENABLE_OBJC_WEAK = YES;
				CLANG_WARN_BLOCK_CAPTURE_AUTORELEASING = YES;
				CLANG_WARN_BOOL_CONVERSION = YES;
				CLANG_WARN_COMMA = YES;
				CLANG_WARN_CONSTANT_CONVERSION = YES;
				CLANG_WARN_DEPRECATED_OBJC_IMPLEMENTATIONS = YES;
				CLANG_WARN_DIRECT_OBJC_ISA_USAGE = YES_ERROR;
				CLANG_WARN_DOCUMENTATION_COMMENTS = YES;
				CLANG_WARN_EMPTY_BODY = YES;
				CLANG_WARN_ENUM_CONVERSION = YES;
				CLANG_WARN_INFINITE_RECURSION = YES;
				CLANG_WARN_INT_CONVERSION = YES;
				CLANG_WARN_NON_LITERAL_NULL_CONVERSION = YES;
				CLANG_WARN_OBJC_IMPLICIT_RETAIN_SELF = YES;
				CLANG_WARN_OBJC_LITERAL_CONVERSION = YES;
				CLANG_WARN_OBJC_ROOT_CLASS = YES_ERROR;
				CLANG_WARN_QUOTED_INCLUDE_IN_FRAMEWORK_HEADER = YES;
				CLANG_WARN_RANGE_LOOP_ANALYSIS = YES;
				CLANG_WARN_STRICT_PROTOTYPES = YES;
				CLANG_WARN_SUSPICIOUS_MOVE = YES;
				CLANG_WARN_UNGUARDED_AVAILABILITY = YES_AGGRESSIVE;
				CLANG_WARN_UNREACHABLE_CODE = YES;
				CLANG_WARN__DUPLICATE_METHOD_MATCH = YES;
				COPY_PHASE_STRIP = NO;
				DEBUG_INFORMATION_FORMAT = dwarf;
				ENABLE_STRICT_OBJC_MSGSEND = YES;
				ENABLE_TESTABILITY = YES;
				GCC_C_LANGUAGE_STANDARD = gnu11;
				GCC_DYNAMIC_NO_PIC = NO;
				GCC_NO_COMMON_BLOCKS = YES;
				GCC_OPTIMIZATION_LEVEL = 0;
				GCC_PREPROCESSOR_DEFINITIONS = (
					"DEBUG=1",
					"$(inherited)",
				);
				GCC_WARN_64_TO_32_BIT_CONVERSION = YES;
				GCC_WARN_ABOUT_RETURN_TYPE = YES_ERROR;
				GCC_WARN_UNDECLARED_SELECTOR = YES;
				GCC_WARN_UNINITIALIZED_AUTOS = YES_AGGRESSIVE;
				GCC_WARN_UNUSED_FUNCTION = YES;
				GCC_WARN_UNUSED_VARIABLE = YES;
				IPHONEOS_DEPLOYMENT_TARGET = 15.5;
				MTL_ENABLE_DEBUG_INFO = INCLUDE_SOURCE;
				MTL_FAST_MATH = YES;
				ONLY_ACTIVE_ARCH = YES;
				SDKROOT = iphoneos;
			};
			name = Debug;
		};
		7B465029285A49750084930D /* Release */ = {
			isa = XCBuildConfiguration;
			buildSettings = {
				ALWAYS_SEARCH_USER_PATHS = NO;
				CLANG_ANALYZER_NONNULL = YES;
				CLANG_ANALYZER_NUMBER_OBJECT_CONVERSION = YES_AGGRESSIVE;
				CLANG_CXX_LANGUAGE_STANDARD = "gnu++17";
				CLANG_ENABLE_MODULES = YES;
				CLANG_ENABLE_OBJC_ARC = YES;
				CLANG_ENABLE_OBJC_WEAK = YES;
				CLANG_WARN_BLOCK_CAPTURE_AUTORELEASING = YES;
				CLANG_WARN_BOOL_CONVERSION = YES;
				CLANG_WARN_COMMA = YES;
				CLANG_WARN_CONSTANT_CONVERSION = YES;
				CLANG_WARN_DEPRECATED_OBJC_IMPLEMENTATIONS = YES;
				CLANG_WARN_DIRECT_OBJC_ISA_USAGE = YES_ERROR;
				CLANG_WARN_DOCUMENTATION_COMMENTS = YES;
				CLANG_WARN_EMPTY_BODY = YES;
				CLANG_WARN_ENUM_CONVERSION = YES;
				CLANG_WARN_INFINITE_RECURSION = YES;
				CLANG_WARN_INT_CONVERSION = YES;
				CLANG_WARN_NON_LITERAL_NULL_CONVERSION = YES;
				CLANG_WARN_OBJC_IMPLICIT_RETAIN_SELF = YES;
				CLANG_WARN_OBJC_LITERAL_CONVERSION = YES;
				CLANG_WARN_OBJC_ROOT_CLASS = YES_ERROR;
				CLANG_WARN_QUOTED_INCLUDE_IN_FRAMEWORK_HEADER = YES;
				CLANG_WARN_RANGE_LOOP_ANALYSIS = YES;
				CLANG_WARN_STRICT_PROTOTYPES = YES;
				CLANG_WARN_SUSPICIOUS_MOVE = YES;
				CLANG_WARN_UNGUARDED_AVAILABILITY = YES_AGGRESSIVE;
				CLANG_WARN_UNREACHABLE_CODE = YES;
				CLANG_WARN__DUPLICATE_METHOD_MATCH = YES;
				COPY_PHASE_STRIP = NO;
				DEBUG_INFORMATION_FORMAT = "dwarf-with-dsym";
				ENABLE_NS_ASSERTIONS = NO;
				ENABLE_STRICT_OBJC_MSGSEND = YES;
				GCC_C_LANGUAGE_STANDARD = gnu11;
				GCC_NO_COMMON_BLOCKS = YES;
				GCC_WARN_64_TO_32_BIT_CONVERSION = YES;
				GCC_WARN_ABOUT_RETURN_TYPE = YES_ERROR;
				GCC_WARN_UNDECLARED_SELECTOR = YES;
				GCC_WARN_UNINITIALIZED_AUTOS = YES_AGGRESSIVE;
				GCC_WARN_UNUSED_FUNCTION = YES;
				GCC_WARN_UNUSED_VARIABLE = YES;
				IPHONEOS_DEPLOYMENT_TARGET = 15.5;
				MTL_ENABLE_DEBUG_INFO = NO;
				MTL_FAST_MATH = YES;
				SDKROOT = iphoneos;
				VALIDATE_PRODUCT = YES;
			};
			name = Release;
		};
		7B46502B285A49750084930D /* Debug */ = {
			isa = XCBuildConfiguration;
			baseConfigurationReference = 6EB2A1FF87C9C1AACF72B467 /* Pods-Flixter.debug.xcconfig */;
			buildSettings = {
				ASSETCATALOG_COMPILER_APPICON_NAME = AppIcon;
				ASSETCATALOG_COMPILER_GLOBAL_ACCENT_COLOR_NAME = AccentColor;
				CODE_SIGN_STYLE = Automatic;
				CURRENT_PROJECT_VERSION = 1;
				DEVELOPMENT_TEAM = 57LZWWN22G;
				GENERATE_INFOPLIST_FILE = YES;
				INFOPLIST_FILE = Flixter/Info.plist;
				INFOPLIST_KEY_UIApplicationSupportsIndirectInputEvents = YES;
				INFOPLIST_KEY_UILaunchStoryboardName = LaunchScreen;
				INFOPLIST_KEY_UIMainStoryboardFile = Main;
				INFOPLIST_KEY_UISupportedInterfaceOrientations_iPad = "UIInterfaceOrientationPortrait UIInterfaceOrientationPortraitUpsideDown UIInterfaceOrientationLandscapeLeft UIInterfaceOrientationLandscapeRight";
				INFOPLIST_KEY_UISupportedInterfaceOrientations_iPhone = "UIInterfaceOrientationPortrait UIInterfaceOrientationLandscapeLeft UIInterfaceOrientationLandscapeRight";
				LD_RUNPATH_SEARCH_PATHS = (
					"$(inherited)",
					"@executable_path/Frameworks",
				);
				MARKETING_VERSION = 1.0;
				PRODUCT_BUNDLE_IDENTIFIER = come.irisfu.Flixter;
				PRODUCT_NAME = "$(TARGET_NAME)";
				SWIFT_EMIT_LOC_STRINGS = YES;
				TARGETED_DEVICE_FAMILY = "1,2";
			};
			name = Debug;
		};
		7B46502C285A49750084930D /* Release */ = {
			isa = XCBuildConfiguration;
			baseConfigurationReference = C36704B58165C9EED40E0CD2 /* Pods-Flixter.release.xcconfig */;
			buildSettings = {
				ASSETCATALOG_COMPILER_APPICON_NAME = AppIcon;
				ASSETCATALOG_COMPILER_GLOBAL_ACCENT_COLOR_NAME = AccentColor;
				CODE_SIGN_STYLE = Automatic;
				CURRENT_PROJECT_VERSION = 1;
				DEVELOPMENT_TEAM = 57LZWWN22G;
				GENERATE_INFOPLIST_FILE = YES;
				INFOPLIST_FILE = Flixter/Info.plist;
				INFOPLIST_KEY_UIApplicationSupportsIndirectInputEvents = YES;
				INFOPLIST_KEY_UILaunchStoryboardName = LaunchScreen;
				INFOPLIST_KEY_UIMainStoryboardFile = Main;
				INFOPLIST_KEY_UISupportedInterfaceOrientations_iPad = "UIInterfaceOrientationPortrait UIInterfaceOrientationPortraitUpsideDown UIInterfaceOrientationLandscapeLeft UIInterfaceOrientationLandscapeRight";
				INFOPLIST_KEY_UISupportedInterfaceOrientations_iPhone = "UIInterfaceOrientationPortrait UIInterfaceOrientationLandscapeLeft UIInterfaceOrientationLandscapeRight";
				LD_RUNPATH_SEARCH_PATHS = (
					"$(inherited)",
					"@executable_path/Frameworks",
				);
				MARKETING_VERSION = 1.0;
				PRODUCT_BUNDLE_IDENTIFIER = come.irisfu.Flixter;
				PRODUCT_NAME = "$(TARGET_NAME)";
				SWIFT_EMIT_LOC_STRINGS = YES;
				TARGETED_DEVICE_FAMILY = "1,2";
			};
			name = Release;
		};
		7B46502E285A49750084930D /* Debug */ = {
			isa = XCBuildConfiguration;
			baseConfigurationReference = A6FA2BEFB62921C826E70AFF /* Pods-FlixterTests.debug.xcconfig */;
			buildSettings = {
				BUNDLE_LOADER = "$(TEST_HOST)";
				CODE_SIGN_STYLE = Automatic;
				CURRENT_PROJECT_VERSION = 1;
				DEVELOPMENT_TEAM = 57LZWWN22G;
				GENERATE_INFOPLIST_FILE = YES;
				IPHONEOS_DEPLOYMENT_TARGET = 15.5;
				MARKETING_VERSION = 1.0;
				PRODUCT_BUNDLE_IDENTIFIER = come.irisfu.FlixterTests;
				PRODUCT_NAME = "$(TARGET_NAME)";
				SWIFT_EMIT_LOC_STRINGS = NO;
				TARGETED_DEVICE_FAMILY = "1,2";
				TEST_HOST = "$(BUILT_PRODUCTS_DIR)/Flixter.app/Flixter";
			};
			name = Debug;
		};
		7B46502F285A49750084930D /* Release */ = {
			isa = XCBuildConfiguration;
			baseConfigurationReference = E1B447939270917AF72202A1 /* Pods-FlixterTests.release.xcconfig */;
			buildSettings = {
				BUNDLE_LOADER = "$(TEST_HOST)";
				CODE_SIGN_STYLE = Automatic;
				CURRENT_PROJECT_VERSION = 1;
				DEVELOPMENT_TEAM = 57LZWWN22G;
				GENERATE_INFOPLIST_FILE = YES;
				IPHONEOS_DEPLOYMENT_TARGET = 15.5;
				MARKETING_VERSION = 1.0;
				PRODUCT_BUNDLE_IDENTIFIER = come.irisfu.FlixterTests;
				PRODUCT_NAME = "$(TARGET_NAME)";
				SWIFT_EMIT_LOC_STRINGS = NO;
				TARGETED_DEVICE_FAMILY = "1,2";
				TEST_HOST = "$(BUILT_PRODUCTS_DIR)/Flixter.app/Flixter";
			};
			name = Release;
		};
		7B465031285A49750084930D /* Debug */ = {
			isa = XCBuildConfiguration;
			baseConfigurationReference = 1E2475BAFF7108FBED5A8160 /* Pods-Flixter-FlixterUITests.debug.xcconfig */;
			buildSettings = {
				CODE_SIGN_STYLE = Automatic;
				CURRENT_PROJECT_VERSION = 1;
				DEVELOPMENT_TEAM = 57LZWWN22G;
				GENERATE_INFOPLIST_FILE = YES;
				MARKETING_VERSION = 1.0;
				PRODUCT_BUNDLE_IDENTIFIER = come.irisfu.FlixterUITests;
				PRODUCT_NAME = "$(TARGET_NAME)";
				SWIFT_EMIT_LOC_STRINGS = NO;
				TARGETED_DEVICE_FAMILY = "1,2";
				TEST_TARGET_NAME = Flixter;
			};
			name = Debug;
		};
		7B465032285A49750084930D /* Release */ = {
			isa = XCBuildConfiguration;
			baseConfigurationReference = 7EBE1B199C62FE5D95C74C6D /* Pods-Flixter-FlixterUITests.release.xcconfig */;
			buildSettings = {
				CODE_SIGN_STYLE = Automatic;
				CURRENT_PROJECT_VERSION = 1;
				DEVELOPMENT_TEAM = 57LZWWN22G;
				GENERATE_INFOPLIST_FILE = YES;
				MARKETING_VERSION = 1.0;
				PRODUCT_BUNDLE_IDENTIFIER = come.irisfu.FlixterUITests;
				PRODUCT_NAME = "$(TARGET_NAME)";
				SWIFT_EMIT_LOC_STRINGS = NO;
				TARGETED_DEVICE_FAMILY = "1,2";
				TEST_TARGET_NAME = Flixter;
			};
			name = Release;
		};
/* End XCBuildConfiguration section */

/* Begin XCConfigurationList section */
		7B464FF6285A49730084930D /* Build configuration list for PBXProject "Flixter" */ = {
			isa = XCConfigurationList;
			buildConfigurations = (
				7B465028285A49750084930D /* Debug */,
				7B465029285A49750084930D /* Release */,
			);
			defaultConfigurationIsVisible = 0;
			defaultConfigurationName = Release;
		};
		7B46502A285A49750084930D /* Build configuration list for PBXNativeTarget "Flixter" */ = {
			isa = XCConfigurationList;
			buildConfigurations = (
				7B46502B285A49750084930D /* Debug */,
				7B46502C285A49750084930D /* Release */,
			);
			defaultConfigurationIsVisible = 0;
			defaultConfigurationName = Release;
		};
		7B46502D285A49750084930D /* Build configuration list for PBXNativeTarget "FlixterTests" */ = {
			isa = XCConfigurationList;
			buildConfigurations = (
				7B46502E285A49750084930D /* Debug */,
				7B46502F285A49750084930D /* Release */,
			);
			defaultConfigurationIsVisible = 0;
			defaultConfigurationName = Release;
		};
		7B465030285A49750084930D /* Build configuration list for PBXNativeTarget "FlixterUITests" */ = {
			isa = XCConfigurationList;
			buildConfigurations = (
				7B465031285A49750084930D /* Debug */,
				7B465032285A49750084930D /* Release */,
			);
			defaultConfigurationIsVisible = 0;
			defaultConfigurationName = Release;
		};
/* End XCConfigurationList section */
	};
	rootObject = 7B464FF3285A49730084930D /* Project object */;
}
